
Microsoft Visual Studio Solution File, Format Version 12.00
# Visual Studio Version 16
VisualStudioVersion = 16.0.31205.134
MinimumVisualStudioVersion = 10.0.40219.1
Project("{FAE04EC0-301F-11D3-BF4B-00C04F79EFBC}") = "DevStore", "DevStore.csproj", "{4359C22D-2855-48F0-93B9-36C9E5823420}"
EndProject
Global
	GlobalSection(SolutionConfigurationPlatforms) = preSolution
		Debug|Any CPU = Debug|Any CPU
		Release|Any CPU = Release|Any CPU
	EndGlobalSection
	GlobalSection(ProjectConfigurationPlatforms) = postSolution
		{4359C22D-2855-48F0-93B9-36C9E5823420}.Debug|Any CPU.ActiveCfg = Debug|Any CPU
		{4359C22D-2855-48F0-93B9-36C9E5823420}.Debug|Any CPU.Build.0 = Debug|Any CPU
		{4359C22D-2855-48F0-93B9-36C9E5823420}.Release|Any CPU.ActiveCfg = Release|Any CPU
		{4359C22D-2855-48F0-93B9-36C9E5823420}.Release|Any CPU.Build.0 = Release|Any CPU
	EndGlobalSection
	GlobalSection(SolutionProperties) = preSolution
		HideSolutionNode = FALSE
	EndGlobalSection
	GlobalSection(ExtensibilityGlobals) = postSolution
		SolutionGuid = {5F7691D9-CC65-4F4D-A80D-669C2B8E1D1F}
	EndGlobalSection
EndGlobal
